
Microsoft Visual Studio Solution File, Format Version 12.00
# Visual Studio Version 16
VisualStudioVersion = 16.0.32901.82
MinimumVisualStudioVersion = 10.0.40219.1
Project("{FAE04EC0-301F-11D3-BF4B-00C04F79EFBC}") = "Tema2-Opacidad", "Tema2-Opacidad\Tema2-Opacidad.csproj", "{A9057565-3587-4AE4-8CA1-1F47AB1667EA}"
EndProject
Global
	GlobalSection(SolutionConfigurationPlatforms) = preSolution
		Debug|Any CPU = Debug|Any CPU
		Release|Any CPU = Release|Any CPU
	EndGlobalSection
	GlobalSection(ProjectConfigurationPlatforms) = postSolution
		{A9057565-3587-4AE4-8CA1-1F47AB1667EA}.Debug|Any CPU.ActiveCfg = Debug|Any CPU
		{A9057565-3587-4AE4-8CA1-1F47AB1667EA}.Debug|Any CPU.Build.0 = Debug|Any CPU
		{A9057565-3587-4AE4-8CA1-1F47AB1667EA}.Release|Any CPU.ActiveCfg = Release|Any CPU
		{A9057565-3587-4AE4-8CA1-1F47AB1667EA}.Release|Any CPU.Build.0 = Release|Any CPU
	EndGlobalSection
	GlobalSection(SolutionProperties) = preSolution
		HideSolutionNode = FALSE
	EndGlobalSection
	GlobalSection(ExtensibilityGlobals) = postSolution
		SolutionGuid = {AFB159C2-CDD9-4061-ABE8-CFF84DE854FD}
	EndGlobalSection
EndGlobal
